
Microsoft Visual Studio Solution File, Format Version 12.00
# Visual Studio Version 16
VisualStudioVersion = 16.0.29424.173
MinimumVisualStudioVersion = 10.0.40219.1
Project("{FAE04EC0-301F-11D3-BF4B-00C04F79EFBC}") = "TreeStuctureOfSalons", "TreeStuctureOfSalons\TreeStuctureOfSalons.csproj", "{2591D8D2-DD72-4869-808F-0EF38B3975EB}"
EndProject
Project("{2150E333-8FDC-42A3-9474-1A3956D46DE8}") = "Solution Items", "Solution Items", "{015213AB-CDCE-426B-AFE4-B7DDD9CACEE6}"
	ProjectSection(SolutionItems) = preProject
		.gitignore = .gitignore
	EndProjectSection
EndProject
Global
	GlobalSection(SolutionConfigurationPlatforms) = preSolution
		Debug|Any CPU = Debug|Any CPU
		Release|Any CPU = Release|Any CPU
	EndGlobalSection
	GlobalSection(ProjectConfigurationPlatforms) = postSolution
		{2591D8D2-DD72-4869-808F-0EF38B3975EB}.Debug|Any CPU.ActiveCfg = Debug|Any CPU
		{2591D8D2-DD72-4869-808F-0EF38B3975EB}.Debug|Any CPU.Build.0 = Debug|Any CPU
		{2591D8D2-DD72-4869-808F-0EF38B3975EB}.Release|Any CPU.ActiveCfg = Release|Any CPU
		{2591D8D2-DD72-4869-808F-0EF38B3975EB}.Release|Any CPU.Build.0 = Release|Any CPU
	EndGlobalSection
	GlobalSection(SolutionProperties) = preSolution
		HideSolutionNode = FALSE
	EndGlobalSection
	GlobalSection(ExtensibilityGlobals) = postSolution
		SolutionGuid = {25A15FAA-922B-4FAE-980C-342A05322917}
	EndGlobalSection
EndGlobal
